// !$*UTF8*$!
{
	archiveVersion = 1;
	classes = {
	};
	objectVersion = 48;
	objects = {

/* Begin PBXBuildFile section */
		F7E0ACC92088AAB8007BBF22 /* Data_processor.cpp in Sources */ = {isa = PBXBuildFile; fileRef = F7E0ACC42088AAB8007BBF22 /* Data_processor.cpp */; };
		F7E0ACCA2088AAB8007BBF22 /* makefile in Sources */ = {isa = PBXBuildFile; fileRef = F7E0ACC52088AAB8007BBF22 /* makefile */; };
		F7E0ACCB2088AAB8007BBF22 /* Person.cpp in Sources */ = {isa = PBXBuildFile; fileRef = F7E0ACC62088AAB8007BBF22 /* Person.cpp */; };
/* End PBXBuildFile section */

/* Begin PBXCopyFilesBuildPhase section */
		F7E0ACB52088AA89007BBF22 /* CopyFiles */ = {
			isa = PBXCopyFilesBuildPhase;
			buildActionMask = 2147483647;
			dstPath = /usr/share/man/man1/;
			dstSubfolderSpec = 0;
			files = (
			);
			runOnlyForDeploymentPostprocessing = 1;
		};
/* End PBXCopyFilesBuildPhase section */

/* Begin PBXFileReference section */
		F7E0ACB72088AA89007BBF22 /* ab7 */ = {isa = PBXFileReference; explicitFileType = "compiled.mach-o.executable"; includeInIndex = 0; path = ab7; sourceTree = BUILT_PRODUCTS_DIR; };
		F7E0ACC22088AAB8007BBF22 /* data_generator */ = {isa = PBXFileReference; lastKnownFileType = file; path = data_generator; sourceTree = "<group>"; };
		F7E0ACC32088AAB8007BBF22 /* data_processor */ = {isa = PBXFileReference; lastKnownFileType = file; path = data_processor; sourceTree = "<group>"; };
		F7E0ACC42088AAB8007BBF22 /* Data_processor.cpp */ = {isa = PBXFileReference; fileEncoding = 4; lastKnownFileType = sourcecode.cpp.cpp; path = Data_processor.cpp; sourceTree = "<group>"; };
		F7E0ACC52088AAB8007BBF22 /* makefile */ = {isa = PBXFileReference; fileEncoding = 4; lastKnownFileType = sourcecode.make; path = makefile; sourceTree = "<group>"; };
		F7E0ACC62088AAB8007BBF22 /* Person.cpp */ = {isa = PBXFileReference; fileEncoding = 4; lastKnownFileType = sourcecode.cpp.cpp; path = Person.cpp; sourceTree = "<group>"; };
		F7E0ACC72088AAB8007BBF22 /* Person.h */ = {isa = PBXFileReference; fileEncoding = 4; lastKnownFileType = sourcecode.c.h; path = Person.h; sourceTree = "<group>"; };
		F7E0ACC82088AAB8007BBF22 /* Sptrsort.h */ = {isa = PBXFileReference; fileEncoding = 4; lastKnownFileType = sourcecode.c.h; path = Sptrsort.h; sourceTree = "<group>"; };
/* End PBXFileReference section */

/* Begin PBXFrameworksBuildPhase section */
		F7E0ACB42088AA89007BBF22 /* Frameworks */ = {
			isa = PBXFrameworksBuildPhase;
			buildActionMask = 2147483647;
			files = (
			);
			runOnlyForDeploymentPostprocessing = 0;
		};
/* End PBXFrameworksBuildPhase section */

/* Begin PBXGroup section */
		F7E0ACAE2088AA89007BBF22 = {
			isa = PBXGroup;
			children = (
				F7E0ACC12088AAB8007BBF22 /* lab7 */,
				F7E0ACB82088AA89007BBF22 /* Products */,
			);
			sourceTree = "<group>";
		};
		F7E0ACB82088AA89007BBF22 /* Products */ = {
			isa = PBXGroup;
			children = (
				F7E0ACB72088AA89007BBF22 /* ab7 */,
			);
			name = Products;
			sourceTree = "<group>";
		};
		F7E0ACC12088AAB8007BBF22 /* lab7 */ = {
			isa = PBXGroup;
			children = (
				F7E0ACC22088AAB8007BBF22 /* data_generator */,
				F7E0ACC32088AAB8007BBF22 /* data_processor */,
				F7E0ACC42088AAB8007BBF22 /* Data_processor.cpp */,
				F7E0ACC52088AAB8007BBF22 /* makefile */,
				F7E0ACC62088AAB8007BBF22 /* Person.cpp */,
				F7E0ACC72088AAB8007BBF22 /* Person.h */,
				F7E0ACC82088AAB8007BBF22 /* Sptrsort.h */,
			);
			name = lab7;
			path = ../lab7;
			sourceTree = "<group>";
		};
/* End PBXGroup section */

/* Begin PBXNativeTarget section */
		F7E0ACB62088AA89007BBF22 /* ab7 */ = {
			isa = PBXNativeTarget;
			buildConfigurationList = F7E0ACBE2088AA89007BBF22 /* Build configuration list for PBXNativeTarget "ab7" */;
			buildPhases = (
				F7E0ACB32088AA89007BBF22 /* Sources */,
				F7E0ACB42088AA89007BBF22 /* Frameworks */,
				F7E0ACB52088AA89007BBF22 /* CopyFiles */,
			);
			buildRules = (
			);
			dependencies = (
			);
			name = ab7;
			productName = ab7;
			productReference = F7E0ACB72088AA89007BBF22 /* ab7 */;
			productType = "com.apple.product-type.tool";
		};
/* End PBXNativeTarget section */

/* Begin PBXProject section */
		F7E0ACAF2088AA89007BBF22 /* Project object */ = {
			isa = PBXProject;
			attributes = {
				LastUpgradeCheck = 0920;
				ORGANIZATIONNAME = "noah Branch";
				TargetAttributes = {
					F7E0ACB62088AA89007BBF22 = {
						CreatedOnToolsVersion = 9.2;
						ProvisioningStyle = Automatic;
					};
				};
			};
			buildConfigurationList = F7E0ACB22088AA89007BBF22 /* Build configuration list for PBXProject "ab7" */;
			compatibilityVersion = "Xcode 8.0";
			developmentRegion = en;
			hasScannedForEncodings = 0;
			knownRegions = (
				en,
			);
			mainGroup = F7E0ACAE2088AA89007BBF22;
			productRefGroup = F7E0ACB82088AA89007BBF22 /* Products */;
			projectDirPath = "";
			projectRoot = "";
			targets = (
				F7E0ACB62088AA89007BBF22 /* ab7 */,
			);
		};
/* End PBXProject section */

/* Begin PBXSourcesBuildPhase section */
		F7E0ACB32088AA89007BBF22 /* Sources */ = {
			isa = PBXSourcesBuildPhase;
			buildActionMask = 2147483647;
			files = (
				F7E0ACCA2088AAB8007BBF22 /* makefile in Sources */,
				F7E0ACCB2088AAB8007BBF22 /* Person.cpp in Sources */,
				F7E0ACC92088AAB8007BBF22 /* Data_processor.cpp in Sources */,
			);
			runOnlyForDeploymentPostprocessing = 0;
		};
/* End PBXSourcesBuildPhase section */

/* Begin XCBuildConfiguration section */
		F7E0ACBC2088AA89007BBF22 /* Debug */ = {
			isa = XCBuildConfiguration;
			buildSettings = {
				ALWAYS_SEARCH_USER_PATHS = NO;
				CLANG_ANALYZER_NONNULL = YES;
				CLANG_ANALYZER_NUMBER_OBJECT_CONVERSION = YES_AGGRESSIVE;
				CLANG_CXX_LANGUAGE_STANDARD = "gnu++14";
				CLANG_CXX_LIBRARY = "libc++";
				CLANG_ENABLE_MODULES = YES;
				CLANG_ENABLE_OBJC_ARC = YES;
				CLANG_WARN_BLOCK_CAPTURE_AUTORELEASING = YES;
				CLANG_WARN_BOOL_CONVERSION = YES;
				CLANG_WARN_COMMA = YES;
				CLANG_WARN_CONSTANT_CONVERSION = YES;
				CLANG_WARN_DIRECT_OBJC_ISA_USAGE = YES_ERROR;
				CLANG_WARN_DOCUMENTATION_COMMENTS = YES;
				CLANG_WARN_EMPTY_BODY = YES;
				CLANG_WARN_ENUM_CONVERSION = YES;
				CLANG_WARN_INFINITE_RECURSION = YES;
				CLANG_WARN_INT_CONVERSION = YES;
				CLANG_WARN_NON_LITERAL_NULL_CONVERSION = YES;
				CLANG_WARN_OBJC_LITERAL_CONVERSION = YES;
				CLANG_WARN_OBJC_ROOT_CLASS = YES_ERROR;
				CLANG_WARN_RANGE_LOOP_ANALYSIS = YES;
				CLANG_WARN_STRICT_PROTOTYPES = YES;
				CLANG_WARN_SUSPICIOUS_MOVE = YES;
				CLANG_WARN_UNGUARDED_AVAILABILITY = YES_AGGRESSIVE;
				CLANG_WARN_UNREACHABLE_CODE = YES;
				CLANG_WARN__DUPLICATE_METHOD_MATCH = YES;
				CODE_SIGN_IDENTITY = "-";
				COPY_PHASE_STRIP = NO;
				DEBUG_INFORMATION_FORMAT = dwarf;
				ENABLE_STRICT_OBJC_MSGSEND = YES;
				ENABLE_TESTABILITY = YES;
				GCC_C_LANGUAGE_STANDARD = gnu11;
				GCC_DYNAMIC_NO_PIC = NO;
				GCC_NO_COMMON_BLOCKS = YES;
				GCC_OPTIMIZATION_LEVEL = 0;
				GCC_PREPROCESSOR_DEFINITIONS = (
					"DEBUG=1",
					"$(inherited)",
				);
				GCC_WARN_64_TO_32_BIT_CONVERSION = YES;
				GCC_WARN_ABOUT_RETURN_TYPE = YES_ERROR;
				GCC_WARN_UNDECLARED_SELECTOR = YES;
				GCC_WARN_UNINITIALIZED_AUTOS = YES_AGGRESSIVE;
				GCC_WARN_UNUSED_FUNCTION = YES;
				GCC_WARN_UNUSED_VARIABLE = YES;
				MACOSX_DEPLOYMENT_TARGET = 10.12;
				MTL_ENABLE_DEBUG_INFO = YES;
				ONLY_ACTIVE_ARCH = YES;
				SDKROOT = macosx;
			};
			name = Debug;
		};
		F7E0ACBD2088AA89007BBF22 /* Release */ = {
			isa = XCBuildConfiguration;
			buildSettings = {
				ALWAYS_SEARCH_USER_PATHS = NO;
				CLANG_ANALYZER_NONNULL = YES;
				CLANG_ANALYZER_NUMBER_OBJECT_CONVERSION = YES_AGGRESSIVE;
				CLANG_CXX_LANGUAGE_STANDARD = "gnu++14";
				CLANG_CXX_LIBRARY = "libc++";
				CLANG_ENABLE_MODULES = YES;
				CLANG_ENABLE_OBJC_ARC = YES;
				CLANG_WARN_BLOCK_CAPTURE_AUTORELEASING = YES;
				CLANG_WARN_BOOL_CONVERSION = YES;
				CLANG_WARN_COMMA = YES;
				CLANG_WARN_CONSTANT_CONVERSION = YES;
				CLANG_WARN_DIRECT_OBJC_ISA_USAGE = YES_ERROR;
				CLANG_WARN_DOCUMENTATION_COMMENTS = YES;
				CLANG_WARN_EMPTY_BODY = YES;
				CLANG_WARN_ENUM_CONVERSION = YES;
				CLANG_WARN_INFINITE_RECURSION = YES;
				CLANG_WARN_INT_CONVERSION = YES;
				CLANG_WARN_NON_LITERAL_NULL_CONVERSION = YES;
				CLANG_WARN_OBJC_LITERAL_CONVERSION = YES;
				CLANG_WARN_OBJC_ROOT_CLASS = YES_ERROR;
				CLANG_WARN_RANGE_LOOP_ANALYSIS = YES;
				CLANG_WARN_STRICT_PROTOTYPES = YES;
				CLANG_WARN_SUSPICIOUS_MOVE = YES;
				CLANG_WARN_UNGUARDED_AVAILABILITY = YES_AGGRESSIVE;
				CLANG_WARN_UNREACHABLE_CODE = YES;
				CLANG_WARN__DUPLICATE_METHOD_MATCH = YES;
				CODE_SIGN_IDENTITY = "-";
				COPY_PHASE_STRIP = NO;
				DEBUG_INFORMATION_FORMAT = "dwarf-with-dsym";
				ENABLE_NS_ASSERTIONS = NO;
				ENABLE_STRICT_OBJC_MSGSEND = YES;
				GCC_C_LANGUAGE_STANDARD = gnu11;
				GCC_NO_COMMON_BLOCKS = YES;
				GCC_WARN_64_TO_32_BIT_CONVERSION = YES;
				GCC_WARN_ABOUT_RETURN_TYPE = YES_ERROR;
				GCC_WARN_UNDECLARED_SELECTOR = YES;
				GCC_WARN_UNINITIALIZED_AUTOS = YES_AGGRESSIVE;
				GCC_WARN_UNUSED_FUNCTION = YES;
				GCC_WARN_UNUSED_VARIABLE = YES;
				MACOSX_DEPLOYMENT_TARGET = 10.12;
				MTL_ENABLE_DEBUG_INFO = NO;
				SDKROOT = macosx;
			};
			name = Release;
		};
		F7E0ACBF2088AA89007BBF22 /* Debug */ = {
			isa = XCBuildConfiguration;
			buildSettings = {
				CODE_SIGN_STYLE = Automatic;
				PRODUCT_NAME = "$(TARGET_NAME)";
			};
			name = Debug;
		};
		F7E0ACC02088AA89007BBF22 /* Release */ = {
			isa = XCBuildConfiguration;
			buildSettings = {
				CODE_SIGN_STYLE = Automatic;
				PRODUCT_NAME = "$(TARGET_NAME)";
			};
			name = Release;
		};
/* End XCBuildConfiguration section */

/* Begin XCConfigurationList section */
		F7E0ACB22088AA89007BBF22 /* Build configuration list for PBXProject "ab7" */ = {
			isa = XCConfigurationList;
			buildConfigurations = (
				F7E0ACBC2088AA89007BBF22 /* Debug */,
				F7E0ACBD2088AA89007BBF22 /* Release */,
			);
			defaultConfigurationIsVisible = 0;
			defaultConfigurationName = Release;
		};
		F7E0ACBE2088AA89007BBF22 /* Build configuration list for PBXNativeTarget "ab7" */ = {
			isa = XCConfigurationList;
			buildConfigurations = (
				F7E0ACBF2088AA89007BBF22 /* Debug */,
				F7E0ACC02088AA89007BBF22 /* Release */,
			);
			defaultConfigurationIsVisible = 0;
			defaultConfigurationName = Release;
		};
/* End XCConfigurationList section */
	};
	rootObject = F7E0ACAF2088AA89007BBF22 /* Project object */;
}
