// !$*UTF8*$!
{
	archiveVersion = 1;
	classes = {
	};
	objectVersion = 48;
	objects = {

/* Begin PBXBuildFile section */
		F7A977ED20656B7700B4CD16 /* makefile in Sources */ = {isa = PBXBuildFile; fileRef = F7A977E720656B7700B4CD16 /* makefile */; };
		F7A977EE20656B7700B4CD16 /* Mazemake.cpp in Sources */ = {isa = PBXBuildFile; fileRef = F7A977E920656B7700B4CD16 /* Mazemake.cpp */; };
		F7A977EF20656B7700B4CD16 /* Mazesolve.cpp in Sources */ = {isa = PBXBuildFile; fileRef = F7A977EC20656B7700B4CD16 /* Mazesolve.cpp */; };
		F7A977F2206982E400B4CD16 /* Dset.cpp in Sources */ = {isa = PBXBuildFile; fileRef = F7A977F0206982E400B4CD16 /* Dset.cpp */; };
		F7A977F5206997CE00B4CD16 /* Support.cpp in Sources */ = {isa = PBXBuildFile; fileRef = F7A977F3206997CE00B4CD16 /* Support.cpp */; };
/* End PBXBuildFile section */

/* Begin PBXCopyFilesBuildPhase section */
		F71CF4AF206564FE002DA7EA /* CopyFiles */ = {
			isa = PBXCopyFilesBuildPhase;
			buildActionMask = 2147483647;
			dstPath = /usr/share/man/man1/;
			dstSubfolderSpec = 0;
			files = (
			);
			runOnlyForDeploymentPostprocessing = 1;
		};
/* End PBXCopyFilesBuildPhase section */

/* Begin PBXFileReference section */
		F71CF4B1206564FE002DA7EA /* maze */ = {isa = PBXFileReference; explicitFileType = "compiled.mach-o.executable"; includeInIndex = 0; path = maze; sourceTree = BUILT_PRODUCTS_DIR; };
		F7A977E620656B7700B4CD16 /* game.sh */ = {isa = PBXFileReference; fileEncoding = 4; lastKnownFileType = text.script.sh; path = game.sh; sourceTree = "<group>"; };
		F7A977E720656B7700B4CD16 /* makefile */ = {isa = PBXFileReference; fileEncoding = 4; lastKnownFileType = sourcecode.make; path = makefile; sourceTree = "<group>"; };
		F7A977E820656B7700B4CD16 /* mazemake */ = {isa = PBXFileReference; lastKnownFileType = "compiled.mach-o.executable"; path = mazemake; sourceTree = "<group>"; };
		F7A977E920656B7700B4CD16 /* Mazemake.cpp */ = {isa = PBXFileReference; fileEncoding = 4; lastKnownFileType = sourcecode.cpp.cpp; path = Mazemake.cpp; sourceTree = "<group>"; };
		F7A977EA20656B7700B4CD16 /* mazeshow */ = {isa = PBXFileReference; lastKnownFileType = file; path = mazeshow; sourceTree = "<group>"; };
		F7A977EB20656B7700B4CD16 /* mazesolve */ = {isa = PBXFileReference; lastKnownFileType = "compiled.mach-o.executable"; path = mazesolve; sourceTree = "<group>"; };
		F7A977EC20656B7700B4CD16 /* Mazesolve.cpp */ = {isa = PBXFileReference; fileEncoding = 4; lastKnownFileType = sourcecode.cpp.cpp; path = Mazesolve.cpp; sourceTree = "<group>"; };
		F7A977F0206982E400B4CD16 /* Dset.cpp */ = {isa = PBXFileReference; lastKnownFileType = sourcecode.cpp.cpp; path = Dset.cpp; sourceTree = "<group>"; };
		F7A977F1206982E400B4CD16 /* Dset.h */ = {isa = PBXFileReference; lastKnownFileType = sourcecode.c.h; path = Dset.h; sourceTree = "<group>"; };
		F7A977F3206997CE00B4CD16 /* Support.cpp */ = {isa = PBXFileReference; lastKnownFileType = sourcecode.cpp.cpp; path = Support.cpp; sourceTree = "<group>"; };
		F7A977F4206997CE00B4CD16 /* Support.h */ = {isa = PBXFileReference; lastKnownFileType = sourcecode.c.h; path = Support.h; sourceTree = "<group>"; };
/* End PBXFileReference section */

/* Begin PBXFrameworksBuildPhase section */
		F71CF4AE206564FE002DA7EA /* Frameworks */ = {
			isa = PBXFrameworksBuildPhase;
			buildActionMask = 2147483647;
			files = (
			);
			runOnlyForDeploymentPostprocessing = 0;
		};
/* End PBXFrameworksBuildPhase section */

/* Begin PBXGroup section */
		F71CF4A8206564FE002DA7EA = {
			isa = PBXGroup;
			children = (
				F7A977E520656B7700B4CD16 /* lab5 */,
				F71CF4B2206564FE002DA7EA /* Products */,
			);
			sourceTree = "<group>";
		};
		F71CF4B2206564FE002DA7EA /* Products */ = {
			isa = PBXGroup;
			children = (
				F71CF4B1206564FE002DA7EA /* maze */,
			);
			name = Products;
			sourceTree = "<group>";
		};
		F7A977E520656B7700B4CD16 /* lab5 */ = {
			isa = PBXGroup;
			children = (
				F7A977E620656B7700B4CD16 /* game.sh */,
				F7A977F3206997CE00B4CD16 /* Support.cpp */,
				F7A977F4206997CE00B4CD16 /* Support.h */,
				F7A977E720656B7700B4CD16 /* makefile */,
				F7A977E820656B7700B4CD16 /* mazemake */,
				F7A977E920656B7700B4CD16 /* Mazemake.cpp */,
				F7A977EA20656B7700B4CD16 /* mazeshow */,
				F7A977EB20656B7700B4CD16 /* mazesolve */,
				F7A977EC20656B7700B4CD16 /* Mazesolve.cpp */,
				F7A977F0206982E400B4CD16 /* Dset.cpp */,
				F7A977F1206982E400B4CD16 /* Dset.h */,
			);
			name = lab5;
			path = ../lab5;
			sourceTree = "<group>";
		};
/* End PBXGroup section */

/* Begin PBXNativeTarget section */
		F71CF4B0206564FE002DA7EA /* maze */ = {
			isa = PBXNativeTarget;
			buildConfigurationList = F71CF4B8206564FE002DA7EA /* Build configuration list for PBXNativeTarget "maze" */;
			buildPhases = (
				F71CF4AD206564FE002DA7EA /* Sources */,
				F71CF4AE206564FE002DA7EA /* Frameworks */,
				F71CF4AF206564FE002DA7EA /* CopyFiles */,
			);
			buildRules = (
			);
			dependencies = (
			);
			name = maze;
			productName = maze;
			productReference = F71CF4B1206564FE002DA7EA /* maze */;
			productType = "com.apple.product-type.tool";
		};
/* End PBXNativeTarget section */

/* Begin PBXProject section */
		F71CF4A9206564FE002DA7EA /* Project object */ = {
			isa = PBXProject;
			attributes = {
				LastUpgradeCheck = 0920;
				ORGANIZATIONNAME = "noah Branch";
				TargetAttributes = {
					F71CF4B0206564FE002DA7EA = {
						CreatedOnToolsVersion = 9.2;
						ProvisioningStyle = Automatic;
					};
				};
			};
			buildConfigurationList = F71CF4AC206564FE002DA7EA /* Build configuration list for PBXProject "maze" */;
			compatibilityVersion = "Xcode 8.0";
			developmentRegion = en;
			hasScannedForEncodings = 0;
			knownRegions = (
				en,
			);
			mainGroup = F71CF4A8206564FE002DA7EA;
			productRefGroup = F71CF4B2206564FE002DA7EA /* Products */;
			projectDirPath = "";
			projectRoot = "";
			targets = (
				F71CF4B0206564FE002DA7EA /* maze */,
			);
		};
/* End PBXProject section */

/* Begin PBXSourcesBuildPhase section */
		F71CF4AD206564FE002DA7EA /* Sources */ = {
			isa = PBXSourcesBuildPhase;
			buildActionMask = 2147483647;
			files = (
				F7A977EE20656B7700B4CD16 /* Mazemake.cpp in Sources */,
				F7A977F5206997CE00B4CD16 /* Support.cpp in Sources */,
				F7A977F2206982E400B4CD16 /* Dset.cpp in Sources */,
				F7A977EF20656B7700B4CD16 /* Mazesolve.cpp in Sources */,
				F7A977ED20656B7700B4CD16 /* makefile in Sources */,
			);
			runOnlyForDeploymentPostprocessing = 0;
		};
/* End PBXSourcesBuildPhase section */

/* Begin XCBuildConfiguration section */
		F71CF4B6206564FE002DA7EA /* Debug */ = {
			isa = XCBuildConfiguration;
			buildSettings = {
				ALWAYS_SEARCH_USER_PATHS = NO;
				CLANG_ANALYZER_NONNULL = YES;
				CLANG_ANALYZER_NUMBER_OBJECT_CONVERSION = YES_AGGRESSIVE;
				CLANG_CXX_LANGUAGE_STANDARD = "gnu++14";
				CLANG_CXX_LIBRARY = "libc++";
				CLANG_ENABLE_MODULES = YES;
				CLANG_ENABLE_OBJC_ARC = YES;
				CLANG_WARN_BLOCK_CAPTURE_AUTORELEASING = YES;
				CLANG_WARN_BOOL_CONVERSION = YES;
				CLANG_WARN_COMMA = YES;
				CLANG_WARN_CONSTANT_CONVERSION = YES;
				CLANG_WARN_DIRECT_OBJC_ISA_USAGE = YES_ERROR;
				CLANG_WARN_DOCUMENTATION_COMMENTS = YES;
				CLANG_WARN_EMPTY_BODY = YES;
				CLANG_WARN_ENUM_CONVERSION = YES;
				CLANG_WARN_INFINITE_RECURSION = YES;
				CLANG_WARN_INT_CONVERSION = YES;
				CLANG_WARN_NON_LITERAL_NULL_CONVERSION = YES;
				CLANG_WARN_OBJC_LITERAL_CONVERSION = YES;
				CLANG_WARN_OBJC_ROOT_CLASS = YES_ERROR;
				CLANG_WARN_RANGE_LOOP_ANALYSIS = YES;
				CLANG_WARN_STRICT_PROTOTYPES = YES;
				CLANG_WARN_SUSPICIOUS_MOVE = YES;
				CLANG_WARN_UNGUARDED_AVAILABILITY = YES_AGGRESSIVE;
				CLANG_WARN_UNREACHABLE_CODE = YES;
				CLANG_WARN__DUPLICATE_METHOD_MATCH = YES;
				CODE_SIGN_IDENTITY = "-";
				COPY_PHASE_STRIP = NO;
				DEBUG_INFORMATION_FORMAT = dwarf;
				ENABLE_STRICT_OBJC_MSGSEND = YES;
				ENABLE_TESTABILITY = YES;
				GCC_C_LANGUAGE_STANDARD = gnu11;
				GCC_DYNAMIC_NO_PIC = NO;
				GCC_NO_COMMON_BLOCKS = YES;
				GCC_OPTIMIZATION_LEVEL = 0;
				GCC_PREPROCESSOR_DEFINITIONS = (
					"DEBUG=1",
					"$(inherited)",
				);
				GCC_WARN_64_TO_32_BIT_CONVERSION = YES;
				GCC_WARN_ABOUT_RETURN_TYPE = YES_ERROR;
				GCC_WARN_UNDECLARED_SELECTOR = YES;
				GCC_WARN_UNINITIALIZED_AUTOS = YES_AGGRESSIVE;
				GCC_WARN_UNUSED_FUNCTION = YES;
				GCC_WARN_UNUSED_VARIABLE = YES;
				MACOSX_DEPLOYMENT_TARGET = 10.12;
				MTL_ENABLE_DEBUG_INFO = YES;
				ONLY_ACTIVE_ARCH = YES;
				SDKROOT = macosx;
			};
			name = Debug;
		};
		F71CF4B7206564FE002DA7EA /* Release */ = {
			isa = XCBuildConfiguration;
			buildSettings = {
				ALWAYS_SEARCH_USER_PATHS = NO;
				CLANG_ANALYZER_NONNULL = YES;
				CLANG_ANALYZER_NUMBER_OBJECT_CONVERSION = YES_AGGRESSIVE;
				CLANG_CXX_LANGUAGE_STANDARD = "gnu++14";
				CLANG_CXX_LIBRARY = "libc++";
				CLANG_ENABLE_MODULES = YES;
				CLANG_ENABLE_OBJC_ARC = YES;
				CLANG_WARN_BLOCK_CAPTURE_AUTORELEASING = YES;
				CLANG_WARN_BOOL_CONVERSION = YES;
				CLANG_WARN_COMMA = YES;
				CLANG_WARN_CONSTANT_CONVERSION = YES;
				CLANG_WARN_DIRECT_OBJC_ISA_USAGE = YES_ERROR;
				CLANG_WARN_DOCUMENTATION_COMMENTS = YES;
				CLANG_WARN_EMPTY_BODY = YES;
				CLANG_WARN_ENUM_CONVERSION = YES;
				CLANG_WARN_INFINITE_RECURSION = YES;
				CLANG_WARN_INT_CONVERSION = YES;
				CLANG_WARN_NON_LITERAL_NULL_CONVERSION = YES;
				CLANG_WARN_OBJC_LITERAL_CONVERSION = YES;
				CLANG_WARN_OBJC_ROOT_CLASS = YES_ERROR;
				CLANG_WARN_RANGE_LOOP_ANALYSIS = YES;
				CLANG_WARN_STRICT_PROTOTYPES = YES;
				CLANG_WARN_SUSPICIOUS_MOVE = YES;
				CLANG_WARN_UNGUARDED_AVAILABILITY = YES_AGGRESSIVE;
				CLANG_WARN_UNREACHABLE_CODE = YES;
				CLANG_WARN__DUPLICATE_METHOD_MATCH = YES;
				CODE_SIGN_IDENTITY = "-";
				COPY_PHASE_STRIP = NO;
				DEBUG_INFORMATION_FORMAT = "dwarf-with-dsym";
				ENABLE_NS_ASSERTIONS = NO;
				ENABLE_STRICT_OBJC_MSGSEND = YES;
				GCC_C_LANGUAGE_STANDARD = gnu11;
				GCC_NO_COMMON_BLOCKS = YES;
				GCC_WARN_64_TO_32_BIT_CONVERSION = YES;
				GCC_WARN_ABOUT_RETURN_TYPE = YES_ERROR;
				GCC_WARN_UNDECLARED_SELECTOR = YES;
				GCC_WARN_UNINITIALIZED_AUTOS = YES_AGGRESSIVE;
				GCC_WARN_UNUSED_FUNCTION = YES;
				GCC_WARN_UNUSED_VARIABLE = YES;
				MACOSX_DEPLOYMENT_TARGET = 10.12;
				MTL_ENABLE_DEBUG_INFO = NO;
				SDKROOT = macosx;
			};
			name = Release;
		};
		F71CF4B9206564FE002DA7EA /* Debug */ = {
			isa = XCBuildConfiguration;
			buildSettings = {
				CODE_SIGN_STYLE = Automatic;
				PRODUCT_NAME = "$(TARGET_NAME)";
			};
			name = Debug;
		};
		F71CF4BA206564FE002DA7EA /* Release */ = {
			isa = XCBuildConfiguration;
			buildSettings = {
				CODE_SIGN_STYLE = Automatic;
				PRODUCT_NAME = "$(TARGET_NAME)";
			};
			name = Release;
		};
/* End XCBuildConfiguration section */

/* Begin XCConfigurationList section */
		F71CF4AC206564FE002DA7EA /* Build configuration list for PBXProject "maze" */ = {
			isa = XCConfigurationList;
			buildConfigurations = (
				F71CF4B6206564FE002DA7EA /* Debug */,
				F71CF4B7206564FE002DA7EA /* Release */,
			);
			defaultConfigurationIsVisible = 0;
			defaultConfigurationName = Release;
		};
		F71CF4B8206564FE002DA7EA /* Build configuration list for PBXNativeTarget "maze" */ = {
			isa = XCConfigurationList;
			buildConfigurations = (
				F71CF4B9206564FE002DA7EA /* Debug */,
				F71CF4BA206564FE002DA7EA /* Release */,
			);
			defaultConfigurationIsVisible = 0;
			defaultConfigurationName = Release;
		};
/* End XCConfigurationList section */
	};
	rootObject = F71CF4A9206564FE002DA7EA /* Project object */;
}
